{
  "object": {
    "pins": [
      {
        "package": "Flow",
        "repositoryURL": "https://github.com/HedvigInsurance/Flow.git",
        "state": {
          "branch": "master",
          "revision": "ae8293bdd84c56680ac52e0fbb89a8add69bae4f",
          "version": null
        }
      },
      {
        "package": "Presentation",
        "repositoryURL": "https://github.com/HedvigInsurance/Presentation.git",
        "state": {
          "branch": "master",
          "revision": "c2676f9f4ffc57b54e11cdeb360f474ab5ee843a",
          "version": null
        }
      }
    ]
  },
  "version": 1
}
