{
  "object": {
    "pins": [
      {
        "package": "Flow",
        "repositoryURL": "https://github.com/HedvigInsurance/flow",
        "state": {
          "branch": "master",
          "revision": "18a24f61fc9279b49019464c9aa7ac64934b4829",
          "version": null
        }
      },
      {
        "package": "Presentation",
        "repositoryURL": "https://github.com/HedvigInsurance/presentation",
        "state": {
          "branch": "master",
          "revision": "efad051096f418c84f8ed8509c8410045d40c633",
          "version": null
        }
      }
    ]
  },
  "version": 1
}
